
Microsoft Visual Studio Solution File, Format Version 12.00
# Visual Studio Version 17
VisualStudioVersion = 17.10.35122.118
MinimumVisualStudioVersion = 10.0.40219.1
Project("{FAE04EC0-301F-11D3-BF4B-00C04F79EFBC}") = "ApiCatalogo", "ApiCatalogo.csproj", "{BB005A4E-63EF-4F41-B138-83DE4F22FC86}"
EndProject
Global
	GlobalSection(SolutionConfigurationPlatforms) = preSolution
		Debug|Any CPU = Debug|Any CPU
		Release|Any CPU = Release|Any CPU
	EndGlobalSection
	GlobalSection(ProjectConfigurationPlatforms) = postSolution
		{BB005A4E-63EF-4F41-B138-83DE4F22FC86}.Debug|Any CPU.ActiveCfg = Debug|Any CPU
		{BB005A4E-63EF-4F41-B138-83DE4F22FC86}.Debug|Any CPU.Build.0 = Debug|Any CPU
		{BB005A4E-63EF-4F41-B138-83DE4F22FC86}.Release|Any CPU.ActiveCfg = Release|Any CPU
		{BB005A4E-63EF-4F41-B138-83DE4F22FC86}.Release|Any CPU.Build.0 = Release|Any CPU
	EndGlobalSection
	GlobalSection(SolutionProperties) = preSolution
		HideSolutionNode = FALSE
	EndGlobalSection
	GlobalSection(ExtensibilityGlobals) = postSolution
		SolutionGuid = {00ECA8C5-E760-4824-893F-97AFB45EA8E8}
	EndGlobalSection
EndGlobal
